
Microsoft Visual Studio Solution File, Format Version 12.00
# Visual Studio 15
VisualStudioVersion = 15.0.28010.2041
MinimumVisualStudioVersion = 10.0.40219.1
Project("{FAE04EC0-301F-11D3-BF4B-00C04F79EFBC}") = "TSDR2JSON", "TSDR2JSON\TSDR2JSON.csproj", "{833CB7E5-F0B1-4AC5-AB55-BB702FE17D7E}"
EndProject
Global
	GlobalSection(SolutionConfigurationPlatforms) = preSolution
		Debug|Any CPU = Debug|Any CPU
		Release|Any CPU = Release|Any CPU
	EndGlobalSection
	GlobalSection(ProjectConfigurationPlatforms) = postSolution
		{833CB7E5-F0B1-4AC5-AB55-BB702FE17D7E}.Debug|Any CPU.ActiveCfg = Debug|Any CPU
		{833CB7E5-F0B1-4AC5-AB55-BB702FE17D7E}.Debug|Any CPU.Build.0 = Debug|Any CPU
		{833CB7E5-F0B1-4AC5-AB55-BB702FE17D7E}.Release|Any CPU.ActiveCfg = Release|Any CPU
		{833CB7E5-F0B1-4AC5-AB55-BB702FE17D7E}.Release|Any CPU.Build.0 = Release|Any CPU
	EndGlobalSection
	GlobalSection(SolutionProperties) = preSolution
		HideSolutionNode = FALSE
	EndGlobalSection
	GlobalSection(ExtensibilityGlobals) = postSolution
		SolutionGuid = {7EC95D3A-1E66-4B86-AF9A-DA19E2F1804E}
	EndGlobalSection
EndGlobal
